<?xml version="1.0" encoding="utf-8"?>
<Project ToolsVersion="4.0" xmlns="http://schemas.microsoft.com/developer/msbuild/2003">
  <ItemGroup>
    <Filter Include="Source Files">
      <UniqueIdentifier>{4FC737F1-C7A5-4376-A066-2A32D752A2FF}</UniqueIdentifier>
      <Extensions>cpp;c;cc;cxx;def;odl;idl;hpj;bat;asm;asmx</Extensions>
    </Filter>
    <Filter Include="Resource Files">
      <UniqueIdentifier>{67DA6AB6-F800-4c08-8B7A-83BB121AAD01}</UniqueIdentifier>
      <Extensions>rc;ico;cur;bmp;dlg;rc2;rct;bin;rgs;gif;jpg;jpeg;jpe;resx;tiff;tif;png;wav;mfcribbon-ms</Extensions>
    </Filter>
    <Filter Include="Test Area">
      <UniqueIdentifier>{027438a5-4272-4a8b-9ea2-1286936433cd}</UniqueIdentifier>
    </Filter>
    <Filter Include="Resource Files\Assets">
      <UniqueIdentifier>{3d355029-11c0-419d-a0af-5990ead1b574}</UniqueIdentifier>
    </Filter>
    <Filter Include="Resource Files\Assets\Textures">
      <UniqueIdentifier>{f40522c0-20de-4ec4-b1c1-af5acfe6b209}</UniqueIdentifier>
    </Filter>
    <Filter Include="Manager Files">
      <UniqueIdentifier>{02d58ff6-b7e4-401c-9025-fc1a278df807}</UniqueIdentifier>
    </Filter>
    <Filter Include="Manager Files\Header">
      <UniqueIdentifier>{c5849bbe-2d0a-4aa4-a5f4-2ef83e99eef3}</UniqueIdentifier>
    </Filter>
    <Filter Include="Manager Files\Source">
      <UniqueIdentifier>{0dca476b-25fc-4f78-92d8-ac7db01049dc}</UniqueIdentifier>
    </Filter>
    <Filter Include="Object Files">
      <UniqueIdentifier>{bf2723c6-c678-4a7f-8861-179c6aabaa90}</UniqueIdentifier>
    </Filter>
    <Filter Include="Object Files\Inanimate">
      <UniqueIdentifier>{05b8e403-1be9-44f5-b2d9-a736fb01345c}</UniqueIdentifier>
    </Filter>
    <Filter Include="Object Files\Inanimate\Header">
      <UniqueIdentifier>{4c009bf8-4574-4c41-8cfa-8e624ebd9028}</UniqueIdentifier>
    </Filter>
    <Filter Include="Object Files\Inanimate\Source">
      <UniqueIdentifier>{75a6c337-22a2-4068-a331-ae45809b71f5}</UniqueIdentifier>
    </Filter>
    <Filter Include="Object Files\Animate">
      <UniqueIdentifier>{8a5ad440-5f3f-4e8f-b220-918dad534595}</UniqueIdentifier>
    </Filter>
    <Filter Include="Object Files\Animate\Header">
      <UniqueIdentifier>{ed184ecd-76bc-48c9-ac5b-b67c16fb5a90}</UniqueIdentifier>
    </Filter>
    <Filter Include="Object Files\Animate\Source">
      <UniqueIdentifier>{ca337c94-6cd2-44aa-933e-da3f7569e947}</UniqueIdentifier>
    </Filter>
    <Filter Include="Resource Files\Assets\LoadFiles">
      <UniqueIdentifier>{a8a04148-9207-43ab-a70b-28222a56f6c6}</UniqueIdentifier>
    </Filter>
  </ItemGroup>
  <ItemGroup>
    <ClCompile Include="main.cpp">
      <Filter>Source Files</Filter>
    </ClCompile>
    <ClCompile Include="Basic.cpp">
      <Filter>Test Area</Filter>
    </ClCompile>
    <ClCompile Include="Movement.cpp">
      <Filter>Test Area</Filter>
    </ClCompile>
    <ClCompile Include="InputManager.cpp">
      <Filter>Manager Files\Source</Filter>
    </ClCompile>
    <ClCompile Include="Object.cpp">
      <Filter>Object Files\Inanimate\Source</Filter>
    </ClCompile>
    <ClCompile Include="Box.cpp">
      <Filter>Object Files\Inanimate\Source</Filter>
    </ClCompile>
    <ClCompile Include="Circle.cpp">
      <Filter>Object Files\Inanimate\Source</Filter>
    </ClCompile>
    <ClCompile Include="Player.cpp">
      <Filter>Object Files\Animate\Source</Filter>
    </ClCompile>
    <ClCompile Include="Convert.cpp">
      <Filter>Resource Files</Filter>
    </ClCompile>
    <ClCompile Include="FileManager.cpp">
      <Filter>Manager Files\Source</Filter>
    </ClCompile>
    <ClCompile Include="TextureManager.cpp">
      <Filter>Manager Files\Source</Filter>
    </ClCompile>
    <ClCompile Include="ObjectManager.cpp">
      <Filter>Manager Files\Source</Filter>
    </ClCompile>
  </ItemGroup>
  <ItemGroup>
    <ClInclude Include="Basic.h">
      <Filter>Test Area</Filter>
    </ClInclude>
    <ClInclude Include="Movement.h">
      <Filter>Test Area</Filter>
    </ClInclude>
    <ClInclude Include="InputManager.h">
      <Filter>Manager Files\Header</Filter>
    </ClInclude>
    <ClInclude Include="Object.h">
      <Filter>Object Files\Inanimate\Header</Filter>
    </ClInclude>
    <ClInclude Include="Box.h">
      <Filter>Object Files\Inanimate\Header</Filter>
    </ClInclude>
    <ClInclude Include="Circle.h">
      <Filter>Object Files\Inanimate\Header</Filter>
    </ClInclude>
    <ClInclude Include="Player.h">
      <Filter>Object Files\Animate\Header</Filter>
    </ClInclude>
    <ClInclude Include="Convert.h">
      <Filter>Resource Files</Filter>
    </ClInclude>
    <ClInclude Include="FileManager.h">
      <Filter>Manager Files\Header</Filter>
    </ClInclude>
    <ClInclude Include="TextureManager.h">
      <Filter>Manager Files\Header</Filter>
    </ClInclude>
    <ClInclude Include="ObjectManager.h">
      <Filter>Manager Files\Header</Filter>
    </ClInclude>
  </ItemGroup>
  <ItemGroup>
    <Image Include="Assets\Textures\box.png">
      <Filter>Resource Files\Assets\Textures</Filter>
    </Image>
    <Image Include="Assets\Textures\ground.png">
      <Filter>Resource Files\Assets\Textures</Filter>
    </Image>
  </ItemGroup>
  <ItemGroup>
    <Text Include="Assets\Loadfiles\TestLoad.lf">
      <Filter>Resource Files\Assets\LoadFiles</Filter>
    </Text>
  </ItemGroup>
</Project>